
Microsoft Visual Studio Solution File, Format Version 12.00
# Visual Studio Version 16
VisualStudioVersion = 16.0.31005.135
MinimumVisualStudioVersion = 10.0.40219.1
Project("{FAE04EC0-301F-11D3-BF4B-00C04F79EFBC}") = "Abstract_Factory", "Abstract_Factory\Abstract_Factory.csproj", "{46254CFA-D3B2-4104-BD5D-7740B5F1440C}"
EndProject
Global
	GlobalSection(SolutionConfigurationPlatforms) = preSolution
		Debug|Any CPU = Debug|Any CPU
		Release|Any CPU = Release|Any CPU
	EndGlobalSection
	GlobalSection(ProjectConfigurationPlatforms) = postSolution
		{46254CFA-D3B2-4104-BD5D-7740B5F1440C}.Debug|Any CPU.ActiveCfg = Debug|Any CPU
		{46254CFA-D3B2-4104-BD5D-7740B5F1440C}.Debug|Any CPU.Build.0 = Debug|Any CPU
		{46254CFA-D3B2-4104-BD5D-7740B5F1440C}.Release|Any CPU.ActiveCfg = Release|Any CPU
		{46254CFA-D3B2-4104-BD5D-7740B5F1440C}.Release|Any CPU.Build.0 = Release|Any CPU
	EndGlobalSection
	GlobalSection(SolutionProperties) = preSolution
		HideSolutionNode = FALSE
	EndGlobalSection
	GlobalSection(ExtensibilityGlobals) = postSolution
		SolutionGuid = {055A6297-980A-4D2D-9AA6-9024A025CFF0}
	EndGlobalSection
EndGlobal
