
Microsoft Visual Studio Solution File, Format Version 12.00
# Visual Studio Version 16
VisualStudioVersion = 16.0.31005.135
MinimumVisualStudioVersion = 10.0.40219.1
Project("{FAE04EC0-301F-11D3-BF4B-00C04F79EFBC}") = "Observer", "Observer\Observer.csproj", "{82B846F5-7656-4F67-B02C-CE20E9C57993}"
EndProject
Global
	GlobalSection(SolutionConfigurationPlatforms) = preSolution
		Debug|Any CPU = Debug|Any CPU
		Release|Any CPU = Release|Any CPU
	EndGlobalSection
	GlobalSection(ProjectConfigurationPlatforms) = postSolution
		{82B846F5-7656-4F67-B02C-CE20E9C57993}.Debug|Any CPU.ActiveCfg = Debug|Any CPU
		{82B846F5-7656-4F67-B02C-CE20E9C57993}.Debug|Any CPU.Build.0 = Debug|Any CPU
		{82B846F5-7656-4F67-B02C-CE20E9C57993}.Release|Any CPU.ActiveCfg = Release|Any CPU
		{82B846F5-7656-4F67-B02C-CE20E9C57993}.Release|Any CPU.Build.0 = Release|Any CPU
	EndGlobalSection
	GlobalSection(SolutionProperties) = preSolution
		HideSolutionNode = FALSE
	EndGlobalSection
	GlobalSection(ExtensibilityGlobals) = postSolution
		SolutionGuid = {9F3A42B8-EE28-48E1-AAEA-4CAAB407E43A}
	EndGlobalSection
EndGlobal
