
Microsoft Visual Studio Solution File, Format Version 12.00
# Visual Studio Version 16
VisualStudioVersion = 16.0.31005.135
MinimumVisualStudioVersion = 10.0.40219.1
Project("{FAE04EC0-301F-11D3-BF4B-00C04F79EFBC}") = "Factory_Method", "Factory_Method\Factory_Method.csproj", "{A9E6420A-FCCB-43D9-91FC-562052342D1E}"
EndProject
Global
	GlobalSection(SolutionConfigurationPlatforms) = preSolution
		Debug|Any CPU = Debug|Any CPU
		Release|Any CPU = Release|Any CPU
	EndGlobalSection
	GlobalSection(ProjectConfigurationPlatforms) = postSolution
		{A9E6420A-FCCB-43D9-91FC-562052342D1E}.Debug|Any CPU.ActiveCfg = Debug|Any CPU
		{A9E6420A-FCCB-43D9-91FC-562052342D1E}.Debug|Any CPU.Build.0 = Debug|Any CPU
		{A9E6420A-FCCB-43D9-91FC-562052342D1E}.Release|Any CPU.ActiveCfg = Release|Any CPU
		{A9E6420A-FCCB-43D9-91FC-562052342D1E}.Release|Any CPU.Build.0 = Release|Any CPU
	EndGlobalSection
	GlobalSection(SolutionProperties) = preSolution
		HideSolutionNode = FALSE
	EndGlobalSection
	GlobalSection(ExtensibilityGlobals) = postSolution
		SolutionGuid = {31C19A9E-4A1C-4EFD-B90B-205C794B15C2}
	EndGlobalSection
EndGlobal
